{
  "name": "golem-certificate",
  "version": "0.1.0",
  "lockfileVersion": 3,
  "requires": true,
  "packages": {
    "": {
      "name": "golem-certificate",
      "version": "0.1.0",
      "license": "GPLv3",
      "dependencies": {
        "canonicalize": "^2.0.0"
      },
      "bin": {
        "golem-certificate": "index.js"
      }
    },
    "node_modules/canonicalize": {
      "version": "2.0.0",
      "resolved": "https://registry.npmjs.org/canonicalize/-/canonicalize-2.0.0.tgz",
      "integrity": "sha512-ulDEYPv7asdKvqahuAY35c1selLdzDwHqugK92hfkzvlDCwXRRelDkR+Er33md/PtnpqHemgkuDPanZ4fiYZ8w=="
    }
  }
}
